
Microsoft Visual Studio Solution File, Format Version 12.00
# Visual Studio Version 16
VisualStudioVersion = 16.0.33214.272
MinimumVisualStudioVersion = 10.0.40219.1
Project("{FAE04EC0-301F-11D3-BF4B-00C04F79EFBC}") = "WinFormsApp1", "WinFormsApp1\WinFormsApp1.csproj", "{78145610-F596-4DAF-889E-75A81BB32DFF}"
EndProject
Global
	GlobalSection(SolutionConfigurationPlatforms) = preSolution
		Debug|Any CPU = Debug|Any CPU
		Release|Any CPU = Release|Any CPU
	EndGlobalSection
	GlobalSection(ProjectConfigurationPlatforms) = postSolution
		{78145610-F596-4DAF-889E-75A81BB32DFF}.Debug|Any CPU.ActiveCfg = Debug|Any CPU
		{78145610-F596-4DAF-889E-75A81BB32DFF}.Debug|Any CPU.Build.0 = Debug|Any CPU
		{78145610-F596-4DAF-889E-75A81BB32DFF}.Release|Any CPU.ActiveCfg = Release|Any CPU
		{78145610-F596-4DAF-889E-75A81BB32DFF}.Release|Any CPU.Build.0 = Release|Any CPU
	EndGlobalSection
	GlobalSection(SolutionProperties) = preSolution
		HideSolutionNode = FALSE
	EndGlobalSection
	GlobalSection(ExtensibilityGlobals) = postSolution
		SolutionGuid = {017AA973-3122-4DF1-B453-A0694833608C}
	EndGlobalSection
EndGlobal
